
Microsoft Visual Studio Solution File, Format Version 12.00
# Visual Studio Version 17
VisualStudioVersion = 17.7.34018.315
MinimumVisualStudioVersion = 10.0.40219.1
Project("{8BC9CEB8-8B4A-11D0-8D11-00A0C91BC942}") = "Engine", "Engine\Engine.vcxproj", "{45330FA2-525B-48C2-92FD-E0F64D204F7D}"
EndProject
Project("{8BC9CEB8-8B4A-11D0-8D11-00A0C91BC942}") = "Game", "Game\Game.vcxproj", "{3109D756-F640-4880-A6A5-AA5EF3867B34}"
	ProjectSection(ProjectDependencies) = postProject
		{45330FA2-525B-48C2-92FD-E0F64D204F7D} = {45330FA2-525B-48C2-92FD-E0F64D204F7D}
	EndProjectSection
EndProject
Global
	GlobalSection(SolutionConfigurationPlatforms) = preSolution
		Debug|x64 = Debug|x64
		Release|x64 = Release|x64
	EndGlobalSection
	GlobalSection(ProjectConfigurationPlatforms) = postSolution
		{45330FA2-525B-48C2-92FD-E0F64D204F7D}.Debug|x64.ActiveCfg = Debug|x64
		{45330FA2-525B-48C2-92FD-E0F64D204F7D}.Debug|x64.Build.0 = Debug|x64
		{45330FA2-525B-48C2-92FD-E0F64D204F7D}.Release|x64.ActiveCfg = Release|x64
		{45330FA2-525B-48C2-92FD-E0F64D204F7D}.Release|x64.Build.0 = Release|x64
		{3109D756-F640-4880-A6A5-AA5EF3867B34}.Debug|x64.ActiveCfg = Debug|x64
		{3109D756-F640-4880-A6A5-AA5EF3867B34}.Debug|x64.Build.0 = Debug|x64
		{3109D756-F640-4880-A6A5-AA5EF3867B34}.Release|x64.ActiveCfg = Release|x64
		{3109D756-F640-4880-A6A5-AA5EF3867B34}.Release|x64.Build.0 = Release|x64
	EndGlobalSection
	GlobalSection(SolutionProperties) = preSolution
		HideSolutionNode = FALSE
	EndGlobalSection
	GlobalSection(ExtensibilityGlobals) = postSolution
		SolutionGuid = {8C0AC0F8-E589-4F1E-8C4B-4EDC9FB1348D}
	EndGlobalSection
EndGlobal
