<?xml version="1.0" encoding="utf-8"?>
<Project ToolsVersion="4.0" xmlns="http://schemas.microsoft.com/developer/msbuild/2003">
  <ItemGroup>
    <ClCompile Include="d3dUtil.cpp" />
    <ClCompile Include="DDSTextureLoader.cpp" />
    <ClCompile Include="Engine.cpp" />
    <ClCompile Include="MathHelper.cpp" />
    <ClCompile Include="Input.cpp" />
    <ClCompile Include="GameTimer.cpp" />
    <ClCompile Include="ShaderManager.cpp" />
  </ItemGroup>
  <ItemGroup>
    <ClInclude Include="d3dUtil.h" />
    <ClInclude Include="d3dx12.h" />
    <ClInclude Include="DDSTextureLoader.h" />
    <ClInclude Include="Engine.h" />
    <ClInclude Include="MathHelper.h" />
    <ClInclude Include="Input.h" />
    <ClInclude Include="GameTimer.h" />
    <ClInclude Include="ShaderManager.h" />
  </ItemGroup>
  <ItemGroup>
    <Text Include="Shaders\Shader.hlsl" />
  </ItemGroup>
</Project>